
Microsoft Visual Studio Solution File, Format Version 12.00
# Visual Studio Version 17
VisualStudioVersion = 17.1.32407.343
MinimumVisualStudioVersion = 10.0.40219.1
Project("{8BC9CEB8-8B4A-11D0-8D11-00A0C91BC942}") = "IntroductionToOOP", "IntroductionToOOP\IntroductionToOOP.vcxproj", "{59B36B02-D9CB-447E-A87A-C37F22EC0806}"
EndProject
Project("{8BC9CEB8-8B4A-11D0-8D11-00A0C91BC942}") = "Fraction", "Fraction\Fraction.vcxproj", "{EBB9E5F9-CDB5-4C72-83BA-3E1B44082181}"
EndProject
Project("{8BC9CEB8-8B4A-11D0-8D11-00A0C91BC942}") = "String", "String\String.vcxproj", "{421D1086-131A-4605-B150-7B6312DD44D2}"
EndProject
Global
	GlobalSection(SolutionConfigurationPlatforms) = preSolution
		Debug|x64 = Debug|x64
		Debug|x86 = Debug|x86
		Release|x64 = Release|x64
		Release|x86 = Release|x86
	EndGlobalSection
	GlobalSection(ProjectConfigurationPlatforms) = postSolution
		{59B36B02-D9CB-447E-A87A-C37F22EC0806}.Debug|x64.ActiveCfg = Debug|x64
		{59B36B02-D9CB-447E-A87A-C37F22EC0806}.Debug|x64.Build.0 = Debug|x64
		{59B36B02-D9CB-447E-A87A-C37F22EC0806}.Debug|x86.ActiveCfg = Debug|Win32
		{59B36B02-D9CB-447E-A87A-C37F22EC0806}.Debug|x86.Build.0 = Debug|Win32
		{59B36B02-D9CB-447E-A87A-C37F22EC0806}.Release|x64.ActiveCfg = Release|x64
		{59B36B02-D9CB-447E-A87A-C37F22EC0806}.Release|x64.Build.0 = Release|x64
		{59B36B02-D9CB-447E-A87A-C37F22EC0806}.Release|x86.ActiveCfg = Release|Win32
		{59B36B02-D9CB-447E-A87A-C37F22EC0806}.Release|x86.Build.0 = Release|Win32
		{EBB9E5F9-CDB5-4C72-83BA-3E1B44082181}.Debug|x64.ActiveCfg = Debug|x64
		{EBB9E5F9-CDB5-4C72-83BA-3E1B44082181}.Debug|x64.Build.0 = Debug|x64
		{EBB9E5F9-CDB5-4C72-83BA-3E1B44082181}.Debug|x86.ActiveCfg = Debug|Win32
		{EBB9E5F9-CDB5-4C72-83BA-3E1B44082181}.Debug|x86.Build.0 = Debug|Win32
		{EBB9E5F9-CDB5-4C72-83BA-3E1B44082181}.Release|x64.ActiveCfg = Release|x64
		{EBB9E5F9-CDB5-4C72-83BA-3E1B44082181}.Release|x64.Build.0 = Release|x64
		{EBB9E5F9-CDB5-4C72-83BA-3E1B44082181}.Release|x86.ActiveCfg = Release|Win32
		{EBB9E5F9-CDB5-4C72-83BA-3E1B44082181}.Release|x86.Build.0 = Release|Win32
		{421D1086-131A-4605-B150-7B6312DD44D2}.Debug|x64.ActiveCfg = Debug|x64
		{421D1086-131A-4605-B150-7B6312DD44D2}.Debug|x64.Build.0 = Debug|x64
		{421D1086-131A-4605-B150-7B6312DD44D2}.Debug|x86.ActiveCfg = Debug|Win32
		{421D1086-131A-4605-B150-7B6312DD44D2}.Debug|x86.Build.0 = Debug|Win32
		{421D1086-131A-4605-B150-7B6312DD44D2}.Release|x64.ActiveCfg = Release|x64
		{421D1086-131A-4605-B150-7B6312DD44D2}.Release|x64.Build.0 = Release|x64
		{421D1086-131A-4605-B150-7B6312DD44D2}.Release|x86.ActiveCfg = Release|Win32
		{421D1086-131A-4605-B150-7B6312DD44D2}.Release|x86.Build.0 = Release|Win32
	EndGlobalSection
	GlobalSection(SolutionProperties) = preSolution
		HideSolutionNode = FALSE
	EndGlobalSection
	GlobalSection(ExtensibilityGlobals) = postSolution
		SolutionGuid = {638A5639-C196-40D5-9D99-EC77A681D40C}
	EndGlobalSection
EndGlobal
